
Microsoft Visual Studio Solution File, Format Version 12.00
# Visual Studio Version 16
VisualStudioVersion = 16.0.34601.136
MinimumVisualStudioVersion = 10.0.40219.1
Project("{FAE04EC0-301F-11D3-BF4B-00C04F79EFBC}") = "ConsoleApp1", "ConsoleApp1\ConsoleApp1.csproj", "{8D1A6892-E326-4683-B18A-2C52F5F292FE}"
EndProject
Global
	GlobalSection(SolutionConfigurationPlatforms) = preSolution
		Debug|Any CPU = Debug|Any CPU
		Release|Any CPU = Release|Any CPU
	EndGlobalSection
	GlobalSection(ProjectConfigurationPlatforms) = postSolution
		{8D1A6892-E326-4683-B18A-2C52F5F292FE}.Debug|Any CPU.ActiveCfg = Debug|Any CPU
		{8D1A6892-E326-4683-B18A-2C52F5F292FE}.Debug|Any CPU.Build.0 = Debug|Any CPU
		{8D1A6892-E326-4683-B18A-2C52F5F292FE}.Release|Any CPU.ActiveCfg = Release|Any CPU
		{8D1A6892-E326-4683-B18A-2C52F5F292FE}.Release|Any CPU.Build.0 = Release|Any CPU
	EndGlobalSection
	GlobalSection(SolutionProperties) = preSolution
		HideSolutionNode = FALSE
	EndGlobalSection
	GlobalSection(ExtensibilityGlobals) = postSolution
		SolutionGuid = {CCCA3342-3C6B-4E6A-A7E8-AFC784724ACC}
	EndGlobalSection
EndGlobal
